
Microsoft Visual Studio Solution File, Format Version 12.00
# Visual Studio Version 17
VisualStudioVersion = 17.3.32819.101
MinimumVisualStudioVersion = 10.0.40219.1
Project("{2150E333-8FDC-42A3-9474-1A3956D46DE8}") = "src", "src", "{E93D7796-CD37-4E99-AB8B-F50987A846F5}"
EndProject
Project("{FAE04EC0-301F-11D3-BF4B-00C04F79EFBC}") = "AtEase.AgGrid", "src\AtEase.AgGrid\AtEase.AgGrid.csproj", "{C8555FDF-09D2-4E56-B2CE-197859EE7EA7}"
EndProject
Project("{2150E333-8FDC-42A3-9474-1A3956D46DE8}") = "tests", "tests", "{83B7FE90-4743-4D0B-8B73-B3AD4E87BD67}"
EndProject
Project("{FAE04EC0-301F-11D3-BF4B-00C04F79EFBC}") = "AtEase.AgGrid.Test", "tests\AtEase.AgGrid.Test\AtEase.AgGrid.Test.csproj", "{DD4DEE64-3BBF-4BA2-9E80-8860CE979C7B}"
EndProject
Global
	GlobalSection(SolutionConfigurationPlatforms) = preSolution
		Debug|Any CPU = Debug|Any CPU
		Release|Any CPU = Release|Any CPU
	EndGlobalSection
	GlobalSection(ProjectConfigurationPlatforms) = postSolution
		{C8555FDF-09D2-4E56-B2CE-197859EE7EA7}.Debug|Any CPU.ActiveCfg = Debug|Any CPU
		{C8555FDF-09D2-4E56-B2CE-197859EE7EA7}.Debug|Any CPU.Build.0 = Debug|Any CPU
		{C8555FDF-09D2-4E56-B2CE-197859EE7EA7}.Release|Any CPU.ActiveCfg = Release|Any CPU
		{C8555FDF-09D2-4E56-B2CE-197859EE7EA7}.Release|Any CPU.Build.0 = Release|Any CPU
		{DD4DEE64-3BBF-4BA2-9E80-8860CE979C7B}.Debug|Any CPU.ActiveCfg = Debug|Any CPU
		{DD4DEE64-3BBF-4BA2-9E80-8860CE979C7B}.Debug|Any CPU.Build.0 = Debug|Any CPU
		{DD4DEE64-3BBF-4BA2-9E80-8860CE979C7B}.Release|Any CPU.ActiveCfg = Release|Any CPU
		{DD4DEE64-3BBF-4BA2-9E80-8860CE979C7B}.Release|Any CPU.Build.0 = Release|Any CPU
	EndGlobalSection
	GlobalSection(SolutionProperties) = preSolution
		HideSolutionNode = FALSE
	EndGlobalSection
	GlobalSection(NestedProjects) = preSolution
		{C8555FDF-09D2-4E56-B2CE-197859EE7EA7} = {E93D7796-CD37-4E99-AB8B-F50987A846F5}
		{DD4DEE64-3BBF-4BA2-9E80-8860CE979C7B} = {83B7FE90-4743-4D0B-8B73-B3AD4E87BD67}
	EndGlobalSection
	GlobalSection(ExtensibilityGlobals) = postSolution
		SolutionGuid = {83262707-38A7-4654-B82A-EED29B937536}
	EndGlobalSection
EndGlobal
